# This file is generated by running "yarn install" inside your project.
# Manual changes might be lost - proceed with caution!

__metadata:
  version: 6
  cacheKey: 8

"leftpad@npm:~0.0.1":
  version: 0.0.1
  resolution: "leftpad@npm:0.0.1"
  checksum: 10c0/86b1a4de4face180ac545a83f1503523d8fed115
  languageName: node
  linkType: hard

"yarn_berry_app@workspace:.":
  version: 0.0.0-use.local
  resolution: "yarn_berry_app@workspace:."
  dependencies:
    leftpad: "npm:~0.0.1"
  languageName: unknown
  linkType: soft
